
Microsoft Visual Studio Solution File, Format Version 12.00
# Visual Studio Version 17
VisualStudioVersion = 17.14.36408.4 d17.14
MinimumVisualStudioVersion = 10.0.40219.1
Project("{FAE04EC0-301F-11D3-BF4B-00C04F79EFBC}") = "NUnitDemos.Tests", "NUnitDemos.Tests\NUnitDemos.Tests.csproj", "{50702577-A5D6-4480-8870-9BA9295C94D0}"
EndProject
Global
	GlobalSection(SolutionConfigurationPlatforms) = preSolution
		Debug|Any CPU = Debug|Any CPU
		Release|Any CPU = Release|Any CPU
	EndGlobalSection
	GlobalSection(ProjectConfigurationPlatforms) = postSolution
		{50702577-A5D6-4480-8870-9BA9295C94D0}.Debug|Any CPU.ActiveCfg = Debug|Any CPU
		{50702577-A5D6-4480-8870-9BA9295C94D0}.Debug|Any CPU.Build.0 = Debug|Any CPU
		{50702577-A5D6-4480-8870-9BA9295C94D0}.Release|Any CPU.ActiveCfg = Release|Any CPU
		{50702577-A5D6-4480-8870-9BA9295C94D0}.Release|Any CPU.Build.0 = Release|Any CPU
	EndGlobalSection
	GlobalSection(SolutionProperties) = preSolution
		HideSolutionNode = FALSE
	EndGlobalSection
	GlobalSection(ExtensibilityGlobals) = postSolution
		SolutionGuid = {6E4EEC86-271A-4DAB-94DF-3AD2ED734169}
	EndGlobalSection
EndGlobal
