
Microsoft Visual Studio Solution File, Format Version 12.00
# Visual Studio Version 17
VisualStudioVersion = 17.14.36310.24
MinimumVisualStudioVersion = 10.0.40219.1
Project("{FAE04EC0-301F-11D3-BF4B-00C04F79EFBC}") = "EmployProject.Models", "EmployProject.Models\EmployProject.Models.csproj", "{01549258-FB4A-42B8-9532-0730C9368039}"
EndProject
Project("{FAE04EC0-301F-11D3-BF4B-00C04F79EFBC}") = "EmployProject.Exceptions", "..\EmployProject.Exceptions\EmployProject.Exceptions.csproj", "{86C432B4-47DD-4C2C-8563-B3AC917087FF}"
EndProject
Project("{FAE04EC0-301F-11D3-BF4B-00C04F79EFBC}") = "EmployProject.Dao", "..\EmployProject.Dao\EmployProject.Dao.csproj", "{96B32EF6-FA20-4C41-8C6F-4ADB3752B5D8}"
EndProject
Project("{FAE04EC0-301F-11D3-BF4B-00C04F79EFBC}") = "EmployProject.Bal", "..\EmployProject.Bal\EmployProject.Bal.csproj", "{11C89695-1721-43BE-B1C7-145563C6BCB0}"
EndProject
Project("{FAE04EC0-301F-11D3-BF4B-00C04F79EFBC}") = "EmployProject.MainOne", "..\EmployProject.MainProject\EmployProject.MainOne.csproj", "{84359FC5-21C9-4F14-B214-CD7C0901580E}"
EndProject
Global
	GlobalSection(SolutionConfigurationPlatforms) = preSolution
		Debug|Any CPU = Debug|Any CPU
		Release|Any CPU = Release|Any CPU
	EndGlobalSection
	GlobalSection(ProjectConfigurationPlatforms) = postSolution
		{01549258-FB4A-42B8-9532-0730C9368039}.Debug|Any CPU.ActiveCfg = Debug|Any CPU
		{01549258-FB4A-42B8-9532-0730C9368039}.Debug|Any CPU.Build.0 = Debug|Any CPU
		{01549258-FB4A-42B8-9532-0730C9368039}.Release|Any CPU.ActiveCfg = Release|Any CPU
		{01549258-FB4A-42B8-9532-0730C9368039}.Release|Any CPU.Build.0 = Release|Any CPU
		{86C432B4-47DD-4C2C-8563-B3AC917087FF}.Debug|Any CPU.ActiveCfg = Debug|Any CPU
		{86C432B4-47DD-4C2C-8563-B3AC917087FF}.Debug|Any CPU.Build.0 = Debug|Any CPU
		{86C432B4-47DD-4C2C-8563-B3AC917087FF}.Release|Any CPU.ActiveCfg = Release|Any CPU
		{86C432B4-47DD-4C2C-8563-B3AC917087FF}.Release|Any CPU.Build.0 = Release|Any CPU
		{96B32EF6-FA20-4C41-8C6F-4ADB3752B5D8}.Debug|Any CPU.ActiveCfg = Debug|Any CPU
		{96B32EF6-FA20-4C41-8C6F-4ADB3752B5D8}.Debug|Any CPU.Build.0 = Debug|Any CPU
		{96B32EF6-FA20-4C41-8C6F-4ADB3752B5D8}.Release|Any CPU.ActiveCfg = Release|Any CPU
		{96B32EF6-FA20-4C41-8C6F-4ADB3752B5D8}.Release|Any CPU.Build.0 = Release|Any CPU
		{11C89695-1721-43BE-B1C7-145563C6BCB0}.Debug|Any CPU.ActiveCfg = Debug|Any CPU
		{11C89695-1721-43BE-B1C7-145563C6BCB0}.Debug|Any CPU.Build.0 = Debug|Any CPU
		{11C89695-1721-43BE-B1C7-145563C6BCB0}.Release|Any CPU.ActiveCfg = Release|Any CPU
		{11C89695-1721-43BE-B1C7-145563C6BCB0}.Release|Any CPU.Build.0 = Release|Any CPU
		{84359FC5-21C9-4F14-B214-CD7C0901580E}.Debug|Any CPU.ActiveCfg = Debug|Any CPU
		{84359FC5-21C9-4F14-B214-CD7C0901580E}.Debug|Any CPU.Build.0 = Debug|Any CPU
		{84359FC5-21C9-4F14-B214-CD7C0901580E}.Release|Any CPU.ActiveCfg = Release|Any CPU
		{84359FC5-21C9-4F14-B214-CD7C0901580E}.Release|Any CPU.Build.0 = Release|Any CPU
	EndGlobalSection
	GlobalSection(SolutionProperties) = preSolution
		HideSolutionNode = FALSE
	EndGlobalSection
	GlobalSection(ExtensibilityGlobals) = postSolution
		SolutionGuid = {26263808-3211-4D9F-8D8E-99C130FB1215}
	EndGlobalSection
EndGlobal
