
Microsoft Visual Studio Solution File, Format Version 12.00
# Visual Studio Version 17
VisualStudioVersion = 17.14.36408.4 d17.14
MinimumVisualStudioVersion = 10.0.40219.1
Project("{FAE04EC0-301F-11D3-BF4B-00C04F79EFBC}") = "Lambdas", "Lambdas\Lambdas.csproj", "{9248DD12-DA02-44ED-A2A5-778C155BBE83}"
EndProject
Global
	GlobalSection(SolutionConfigurationPlatforms) = preSolution
		Debug|Any CPU = Debug|Any CPU
		Release|Any CPU = Release|Any CPU
	EndGlobalSection
	GlobalSection(ProjectConfigurationPlatforms) = postSolution
		{9248DD12-DA02-44ED-A2A5-778C155BBE83}.Debug|Any CPU.ActiveCfg = Debug|Any CPU
		{9248DD12-DA02-44ED-A2A5-778C155BBE83}.Debug|Any CPU.Build.0 = Debug|Any CPU
		{9248DD12-DA02-44ED-A2A5-778C155BBE83}.Release|Any CPU.ActiveCfg = Release|Any CPU
		{9248DD12-DA02-44ED-A2A5-778C155BBE83}.Release|Any CPU.Build.0 = Release|Any CPU
	EndGlobalSection
	GlobalSection(SolutionProperties) = preSolution
		HideSolutionNode = FALSE
	EndGlobalSection
	GlobalSection(ExtensibilityGlobals) = postSolution
		SolutionGuid = {0FFABFAC-6B84-4C08-8FFC-32B00A3D7B3F}
	EndGlobalSection
EndGlobal
