
Microsoft Visual Studio Solution File, Format Version 12.00
# Visual Studio Version 17
VisualStudioVersion = 17.14.36408.4 d17.14
MinimumVisualStudioVersion = 10.0.40219.1
Project("{FAE04EC0-301F-11D3-BF4B-00C04F79EFBC}") = "Delegates", "Delegates\Delegates.csproj", "{D59455F0-76AC-4948-A855-BAA830C59FF1}"
EndProject
Global
	GlobalSection(SolutionConfigurationPlatforms) = preSolution
		Debug|Any CPU = Debug|Any CPU
		Release|Any CPU = Release|Any CPU
	EndGlobalSection
	GlobalSection(ProjectConfigurationPlatforms) = postSolution
		{D59455F0-76AC-4948-A855-BAA830C59FF1}.Debug|Any CPU.ActiveCfg = Debug|Any CPU
		{D59455F0-76AC-4948-A855-BAA830C59FF1}.Debug|Any CPU.Build.0 = Debug|Any CPU
		{D59455F0-76AC-4948-A855-BAA830C59FF1}.Release|Any CPU.ActiveCfg = Release|Any CPU
		{D59455F0-76AC-4948-A855-BAA830C59FF1}.Release|Any CPU.Build.0 = Release|Any CPU
	EndGlobalSection
	GlobalSection(SolutionProperties) = preSolution
		HideSolutionNode = FALSE
	EndGlobalSection
	GlobalSection(ExtensibilityGlobals) = postSolution
		SolutionGuid = {F1864055-0309-408F-9055-6D80AA321E1C}
	EndGlobalSection
EndGlobal
